{
    "_readme": [
        "This file locks the dependencies of your project to a known state",
        "Read more about it at https://getcomposer.org/doc/01-basic-usage.md#installing-dependencies",
        "This file is @generated automatically"
    ],
    "content-hash": "67740ecc62d9caf7ee2b12c32a7d0d59",
    "packages": [
        {
            "name": "mojiehai/process_manage",
            "version": "1.0.1",
            "source": {
                "type": "git",
                "url": "https://github.com/mojiehai/process_manage.git",
                "reference": "d3cbe8519a675815591b03fb23b661c3a29877e0"
            },
            "dist": {
                "type": "zip",
                "url": "https://api.github.com/repos/mojiehai/process_manage/zipball/d3cbe8519a675815591b03fb23b661c3a29877e0",
                "reference": "d3cbe8519a675815591b03fb23b661c3a29877e0",
                "shasum": ""
            },
            "require": {
                "ext-json": "*",
                "ext-mbstring": "*",
                "ext-pcntl": "*",
                "ext-posix": "*",
                "php": ">=7.0"
            },
            "type": "library",
            "autoload": {
                "psr-4": {
                    "ProcessManage\\": "./src/"
                }
            },
            "notification-url": "https://packagist.org/downloads/",
            "license": [
                "MIT"
            ],
            "authors": [
                {
                    "name": "mojiehai",
                    "email": "804527505@qq.com"
                }
            ],
            "description": "process manage",
            "keywords": [
                "manage",
                "process"
            ],
            "time": "2018-12-24T05:56:36+00:00"
        }
    ],
    "packages-dev": [],
    "aliases": [],
    "minimum-stability": "stable",
    "stability-flags": [],
    "prefer-stable": false,
    "prefer-lowest": false,
    "platform": {
        "php": ">=7.0",
        "ext-mysqli": "*",
        "ext-json": "*"
    },
    "platform-dev": []
}
